
Microsoft Visual Studio Solution File, Format Version 12.00
# Visual Studio Version 16
VisualStudioVersion = 16.0.30804.86
MinimumVisualStudioVersion = 10.0.40219.1
Project("{FAE04EC0-301F-11D3-BF4B-00C04F79EFBC}") = "FoodOrderApp", "FoodOrderApp\FoodOrderApp.csproj", "{7728B63D-97D4-475C-9C66-9ED51E3B337C}"
EndProject
Global
	GlobalSection(SolutionConfigurationPlatforms) = preSolution
		Debug|Any CPU = Debug|Any CPU
		Release|Any CPU = Release|Any CPU
	EndGlobalSection
	GlobalSection(ProjectConfigurationPlatforms) = postSolution
		{7728B63D-97D4-475C-9C66-9ED51E3B337C}.Debug|Any CPU.ActiveCfg = Debug|Any CPU
		{7728B63D-97D4-475C-9C66-9ED51E3B337C}.Debug|Any CPU.Build.0 = Debug|Any CPU
		{7728B63D-97D4-475C-9C66-9ED51E3B337C}.Release|Any CPU.ActiveCfg = Release|Any CPU
		{7728B63D-97D4-475C-9C66-9ED51E3B337C}.Release|Any CPU.Build.0 = Release|Any CPU
	EndGlobalSection
	GlobalSection(SolutionProperties) = preSolution
		HideSolutionNode = FALSE
	EndGlobalSection
	GlobalSection(ExtensibilityGlobals) = postSolution
		SolutionGuid = {B308925D-6663-40B4-97BF-907BAF34B045}
	EndGlobalSection
EndGlobal
